{
  "meteor": {},
  "dependencies": {
    "basePackages": {
      "font-awesome": {},
      "github": {}
    },
    "packages": {
      "font-awesome": {
        "git": "https://github.com/nate-strauser/meteor-font-awesome.git",
        "tag": "v4.1.0",
        "commit": "ce6b1e92715d1938babc5d69c655c17e387f5926"
      },
      "github": {
        "git": "https://github.com/ndhoule/meteor-github.git",
        "tag": "v0.1.8",
        "commit": "7e995c903f287744387856870011abbf8ce8665b"
      }
    }
  }
}
